// !$*UTF8*$!
{
	archiveVersion = 1;
	classes = {
	};
	objectVersion = 50;
	objects = {

/* Begin PBXBuildFile section */
		17387ED62229B8E100A1BA8E /* APIConfiguration.swift in Sources */ = {isa = PBXBuildFile; fileRef = 17387ED52229B8E100A1BA8E /* APIConfiguration.swift */; };
		17387ED82229B8EE00A1BA8E /* Client.swift in Sources */ = {isa = PBXBuildFile; fileRef = 17387ED72229B8EE00A1BA8E /* Client.swift */; };
		17387EDC2229B92300A1BA8E /* RouterEndpoint.swift in Sources */ = {isa = PBXBuildFile; fileRef = 17387EDB2229B92300A1BA8E /* RouterEndpoint.swift */; };
		17387EDE2229B98100A1BA8E /* APIContacts.swift in Sources */ = {isa = PBXBuildFile; fileRef = 17387EDD2229B98100A1BA8E /* APIContacts.swift */; };
		17387EE02229B99000A1BA8E /* APIPayments.swift in Sources */ = {isa = PBXBuildFile; fileRef = 17387EDF2229B99000A1BA8E /* APIPayments.swift */; };
		17387EE32229BAC600A1BA8E /* Contact.swift in Sources */ = {isa = PBXBuildFile; fileRef = 17387EE22229BAC600A1BA8E /* Contact.swift */; };
		17387EE62229C05E00A1BA8E /* ContactsCell.swift in Sources */ = {isa = PBXBuildFile; fileRef = 17387EE52229C05E00A1BA8E /* ContactsCell.swift */; };
		17387EE82229CD4500A1BA8E /* Transaction.swift in Sources */ = {isa = PBXBuildFile; fileRef = 17387EE72229CD4500A1BA8E /* Transaction.swift */; };
		DB12686C222C699B00E29E61 /* CardsViewController.swift in Sources */ = {isa = PBXBuildFile; fileRef = DB12686B222C699B00E29E61 /* CardsViewController.swift */; };
		DB12686E222C6E7900E29E61 /* CardCell.swift in Sources */ = {isa = PBXBuildFile; fileRef = DB12686D222C6E7900E29E61 /* CardCell.swift */; };
		DB12687022302E9E00E29E61 /* NewCardViewController.swift in Sources */ = {isa = PBXBuildFile; fileRef = DB12686F22302E9E00E29E61 /* NewCardViewController.swift */; };
		DB12687222303B3900E29E61 /* TextField.swift in Sources */ = {isa = PBXBuildFile; fileRef = DB12687122303B3900E29E61 /* TextField.swift */; };
		DB5229572228CEF8008B0FD5 /* AppDelegate.swift in Sources */ = {isa = PBXBuildFile; fileRef = DB5229562228CEF8008B0FD5 /* AppDelegate.swift */; };
		DB5229592228CEF8008B0FD5 /* ContactViewController.swift in Sources */ = {isa = PBXBuildFile; fileRef = DB5229582228CEF8008B0FD5 /* ContactViewController.swift */; };
		DB52295C2228CEF8008B0FD5 /* Main.storyboard in Resources */ = {isa = PBXBuildFile; fileRef = DB52295A2228CEF8008B0FD5 /* Main.storyboard */; };
		DB52295E2228CEF9008B0FD5 /* Assets.xcassets in Resources */ = {isa = PBXBuildFile; fileRef = DB52295D2228CEF9008B0FD5 /* Assets.xcassets */; };
		DB5229612228CEF9008B0FD5 /* LaunchScreen.storyboard in Resources */ = {isa = PBXBuildFile; fileRef = DB52295F2228CEF9008B0FD5 /* LaunchScreen.storyboard */; };
		DB52296A2228D295008B0FD5 /* Constants.swift in Sources */ = {isa = PBXBuildFile; fileRef = DB5229692228D295008B0FD5 /* Constants.swift */; };
		DB52296F2228D2CE008B0FD5 /* Date.swift in Sources */ = {isa = PBXBuildFile; fileRef = DB52296E2228D2CE008B0FD5 /* Date.swift */; };
		DB5229712228D2D9008B0FD5 /* AlertView.swift in Sources */ = {isa = PBXBuildFile; fileRef = DB5229702228D2D9008B0FD5 /* AlertView.swift */; };
		DB5229782228D318008B0FD5 /* HUDHelper.swift in Sources */ = {isa = PBXBuildFile; fileRef = DB5229772228D318008B0FD5 /* HUDHelper.swift */; };
		DB52297A2228D325008B0FD5 /* ReachabilityManager.swift in Sources */ = {isa = PBXBuildFile; fileRef = DB5229792228D325008B0FD5 /* ReachabilityManager.swift */; };
		E01D855C897133C1E1FD165D /* Pods_picpayment.framework in Frameworks */ = {isa = PBXBuildFile; fileRef = F652305196EA7A8950CBB288 /* Pods_picpayment.framework */; };
/* End PBXBuildFile section */

/* Begin PBXFileReference section */
		17387ED52229B8E100A1BA8E /* APIConfiguration.swift */ = {isa = PBXFileReference; lastKnownFileType = sourcecode.swift; path = APIConfiguration.swift; sourceTree = "<group>"; };
		17387ED72229B8EE00A1BA8E /* Client.swift */ = {isa = PBXFileReference; lastKnownFileType = sourcecode.swift; path = Client.swift; sourceTree = "<group>"; };
		17387EDB2229B92300A1BA8E /* RouterEndpoint.swift */ = {isa = PBXFileReference; lastKnownFileType = sourcecode.swift; path = RouterEndpoint.swift; sourceTree = "<group>"; };
		17387EDD2229B98100A1BA8E /* APIContacts.swift */ = {isa = PBXFileReference; lastKnownFileType = sourcecode.swift; path = APIContacts.swift; sourceTree = "<group>"; };
		17387EDF2229B99000A1BA8E /* APIPayments.swift */ = {isa = PBXFileReference; lastKnownFileType = sourcecode.swift; path = APIPayments.swift; sourceTree = "<group>"; };
		17387EE22229BAC600A1BA8E /* Contact.swift */ = {isa = PBXFileReference; lastKnownFileType = sourcecode.swift; path = Contact.swift; sourceTree = "<group>"; };
		17387EE52229C05E00A1BA8E /* ContactsCell.swift */ = {isa = PBXFileReference; lastKnownFileType = sourcecode.swift; path = ContactsCell.swift; sourceTree = "<group>"; };
		17387EE72229CD4500A1BA8E /* Transaction.swift */ = {isa = PBXFileReference; lastKnownFileType = sourcecode.swift; path = Transaction.swift; sourceTree = "<group>"; };
		5B69456971133CDD7CEA7F87 /* Pods-picpayment.release.xcconfig */ = {isa = PBXFileReference; includeInIndex = 1; lastKnownFileType = text.xcconfig; name = "Pods-picpayment.release.xcconfig"; path = "Pods/Target Support Files/Pods-picpayment/Pods-picpayment.release.xcconfig"; sourceTree = "<group>"; };
		DB12686B222C699B00E29E61 /* CardsViewController.swift */ = {isa = PBXFileReference; lastKnownFileType = sourcecode.swift; path = CardsViewController.swift; sourceTree = "<group>"; };
		DB12686D222C6E7900E29E61 /* CardCell.swift */ = {isa = PBXFileReference; lastKnownFileType = sourcecode.swift; path = CardCell.swift; sourceTree = "<group>"; };
		DB12686F22302E9E00E29E61 /* NewCardViewController.swift */ = {isa = PBXFileReference; lastKnownFileType = sourcecode.swift; path = NewCardViewController.swift; sourceTree = "<group>"; };
		DB12687122303B3900E29E61 /* TextField.swift */ = {isa = PBXFileReference; lastKnownFileType = sourcecode.swift; path = TextField.swift; sourceTree = "<group>"; };
		DB5229532228CEF7008B0FD5 /* picpayment.app */ = {isa = PBXFileReference; explicitFileType = wrapper.application; includeInIndex = 0; path = picpayment.app; sourceTree = BUILT_PRODUCTS_DIR; };
		DB5229562228CEF8008B0FD5 /* AppDelegate.swift */ = {isa = PBXFileReference; lastKnownFileType = sourcecode.swift; path = AppDelegate.swift; sourceTree = "<group>"; };
		DB5229582228CEF8008B0FD5 /* ContactViewController.swift */ = {isa = PBXFileReference; lastKnownFileType = sourcecode.swift; path = ContactViewController.swift; sourceTree = "<group>"; };
		DB52295B2228CEF8008B0FD5 /* Base */ = {isa = PBXFileReference; lastKnownFileType = file.storyboard; name = Base; path = Base.lproj/Main.storyboard; sourceTree = "<group>"; };
		DB52295D2228CEF9008B0FD5 /* Assets.xcassets */ = {isa = PBXFileReference; lastKnownFileType = folder.assetcatalog; path = Assets.xcassets; sourceTree = "<group>"; };
		DB5229602228CEF9008B0FD5 /* Base */ = {isa = PBXFileReference; lastKnownFileType = file.storyboard; name = Base; path = Base.lproj/LaunchScreen.storyboard; sourceTree = "<group>"; };
		DB5229622228CEF9008B0FD5 /* Info.plist */ = {isa = PBXFileReference; lastKnownFileType = text.plist.xml; path = Info.plist; sourceTree = "<group>"; };
		DB5229692228D295008B0FD5 /* Constants.swift */ = {isa = PBXFileReference; lastKnownFileType = sourcecode.swift; path = Constants.swift; sourceTree = "<group>"; };
		DB52296E2228D2CE008B0FD5 /* Date.swift */ = {isa = PBXFileReference; lastKnownFileType = sourcecode.swift; path = Date.swift; sourceTree = "<group>"; };
		DB5229702228D2D9008B0FD5 /* AlertView.swift */ = {isa = PBXFileReference; lastKnownFileType = sourcecode.swift; path = AlertView.swift; sourceTree = "<group>"; };
		DB5229772228D318008B0FD5 /* HUDHelper.swift */ = {isa = PBXFileReference; lastKnownFileType = sourcecode.swift; path = HUDHelper.swift; sourceTree = "<group>"; };
		DB5229792228D325008B0FD5 /* ReachabilityManager.swift */ = {isa = PBXFileReference; lastKnownFileType = sourcecode.swift; path = ReachabilityManager.swift; sourceTree = "<group>"; };
		F652305196EA7A8950CBB288 /* Pods_picpayment.framework */ = {isa = PBXFileReference; explicitFileType = wrapper.framework; includeInIndex = 0; path = Pods_picpayment.framework; sourceTree = BUILT_PRODUCTS_DIR; };
		FF41C64EC1C0C168778256BC /* Pods-picpayment.debug.xcconfig */ = {isa = PBXFileReference; includeInIndex = 1; lastKnownFileType = text.xcconfig; name = "Pods-picpayment.debug.xcconfig"; path = "Pods/Target Support Files/Pods-picpayment/Pods-picpayment.debug.xcconfig"; sourceTree = "<group>"; };
/* End PBXFileReference section */

/* Begin PBXFrameworksBuildPhase section */
		DB5229502228CEF7008B0FD5 /* Frameworks */ = {
			isa = PBXFrameworksBuildPhase;
			buildActionMask = 2147483647;
			files = (
				E01D855C897133C1E1FD165D /* Pods_picpayment.framework in Frameworks */,
			);
			runOnlyForDeploymentPostprocessing = 0;
		};
/* End PBXFrameworksBuildPhase section */

/* Begin PBXGroup section */
		17387ED32229B8C400A1BA8E /* Networking */ = {
			isa = PBXGroup;
			children = (
				17387ED42229B8CC00A1BA8E /* Manager */,
				17387ED92229B8F700A1BA8E /* Router */,
				17387EDA2229B90100A1BA8E /* Calls */,
			);
			path = Networking;
			sourceTree = "<group>";
		};
		17387ED42229B8CC00A1BA8E /* Manager */ = {
			isa = PBXGroup;
			children = (
				17387ED52229B8E100A1BA8E /* APIConfiguration.swift */,
				17387ED72229B8EE00A1BA8E /* Client.swift */,
			);
			path = Manager;
			sourceTree = "<group>";
		};
		17387ED92229B8F700A1BA8E /* Router */ = {
			isa = PBXGroup;
			children = (
				17387EDB2229B92300A1BA8E /* RouterEndpoint.swift */,
			);
			path = Router;
			sourceTree = "<group>";
		};
		17387EDA2229B90100A1BA8E /* Calls */ = {
			isa = PBXGroup;
			children = (
				17387EDD2229B98100A1BA8E /* APIContacts.swift */,
				17387EDF2229B99000A1BA8E /* APIPayments.swift */,
			);
			path = Calls;
			sourceTree = "<group>";
		};
		17387EE12229B9FC00A1BA8E /* Model */ = {
			isa = PBXGroup;
			children = (
				17387EE22229BAC600A1BA8E /* Contact.swift */,
				17387EE72229CD4500A1BA8E /* Transaction.swift */,
			);
			path = Model;
			sourceTree = "<group>";
		};
		17387EE42229C02E00A1BA8E /* Views */ = {
			isa = PBXGroup;
			children = (
				17387EE52229C05E00A1BA8E /* ContactsCell.swift */,
				DB12686D222C6E7900E29E61 /* CardCell.swift */,
			);
			path = Views;
			sourceTree = "<group>";
		};
		DB52294A2228CEF7008B0FD5 = {
			isa = PBXGroup;
			children = (
				DB5229552228CEF7008B0FD5 /* PicPayment */,
				DB5229542228CEF7008B0FD5 /* Products */,
				F95AC963E5F2A8D9EE6725A4 /* Pods */,
				E915CF8025A33272477B64DA /* Frameworks */,
			);
			sourceTree = "<group>";
		};
		DB5229542228CEF7008B0FD5 /* Products */ = {
			isa = PBXGroup;
			children = (
				DB5229532228CEF7008B0FD5 /* picpayment.app */,
			);
			name = Products;
			sourceTree = "<group>";
		};
		DB5229552228CEF7008B0FD5 /* PicPayment */ = {
			isa = PBXGroup;
			children = (
				17387ED32229B8C400A1BA8E /* Networking */,
				17387EE12229B9FC00A1BA8E /* Model */,
				17387EE42229C02E00A1BA8E /* Views */,
				DB52297E2228D466008B0FD5 /* Controllers */,
				DB52297D2228D35E008B0FD5 /* Storyboards */,
				DB5229722228D2EA008B0FD5 /* Helpers */,
				DB52296B2228D2AC008B0FD5 /* Extensions */,
				DB5229682228D25D008B0FD5 /* Supporting Files */,
			);
			path = PicPayment;
			sourceTree = "<group>";
		};
		DB5229682228D25D008B0FD5 /* Supporting Files */ = {
			isa = PBXGroup;
			children = (
				DB5229562228CEF8008B0FD5 /* AppDelegate.swift */,
				DB5229692228D295008B0FD5 /* Constants.swift */,
				DB52295D2228CEF9008B0FD5 /* Assets.xcassets */,
				DB5229622228CEF9008B0FD5 /* Info.plist */,
			);
			path = "Supporting Files";
			sourceTree = "<group>";
		};
		DB52296B2228D2AC008B0FD5 /* Extensions */ = {
			isa = PBXGroup;
			children = (
				DB52296E2228D2CE008B0FD5 /* Date.swift */,
				DB5229702228D2D9008B0FD5 /* AlertView.swift */,
				DB12687122303B3900E29E61 /* TextField.swift */,
			);
			path = Extensions;
			sourceTree = "<group>";
		};
		DB5229722228D2EA008B0FD5 /* Helpers */ = {
			isa = PBXGroup;
			children = (
				DB5229772228D318008B0FD5 /* HUDHelper.swift */,
				DB5229792228D325008B0FD5 /* ReachabilityManager.swift */,
			);
			path = Helpers;
			sourceTree = "<group>";
		};
		DB52297D2228D35E008B0FD5 /* Storyboards */ = {
			isa = PBXGroup;
			children = (
				DB52295A2228CEF8008B0FD5 /* Main.storyboard */,
				DB52295F2228CEF9008B0FD5 /* LaunchScreen.storyboard */,
			);
			path = Storyboards;
			sourceTree = "<group>";
		};
		DB52297E2228D466008B0FD5 /* Controllers */ = {
			isa = PBXGroup;
			children = (
				DB5229582228CEF8008B0FD5 /* ContactViewController.swift */,
				DB12686B222C699B00E29E61 /* CardsViewController.swift */,
				DB12686F22302E9E00E29E61 /* NewCardViewController.swift */,
			);
			path = Controllers;
			sourceTree = "<group>";
		};
		E915CF8025A33272477B64DA /* Frameworks */ = {
			isa = PBXGroup;
			children = (
				F652305196EA7A8950CBB288 /* Pods_picpayment.framework */,
			);
			name = Frameworks;
			sourceTree = "<group>";
		};
		F95AC963E5F2A8D9EE6725A4 /* Pods */ = {
			isa = PBXGroup;
			children = (
				FF41C64EC1C0C168778256BC /* Pods-picpayment.debug.xcconfig */,
				5B69456971133CDD7CEA7F87 /* Pods-picpayment.release.xcconfig */,
			);
			name = Pods;
			sourceTree = "<group>";
		};
/* End PBXGroup section */

/* Begin PBXNativeTarget section */
		DB5229522228CEF7008B0FD5 /* picpayment */ = {
			isa = PBXNativeTarget;
			buildConfigurationList = DB5229652228CEF9008B0FD5 /* Build configuration list for PBXNativeTarget "picpayment" */;
			buildPhases = (
				113E8EBE477E22A8C3C25E97 /* [CP] Check Pods Manifest.lock */,
				DB52294F2228CEF7008B0FD5 /* Sources */,
				DB5229502228CEF7008B0FD5 /* Frameworks */,
				DB5229512228CEF7008B0FD5 /* Resources */,
				7714C2AF9F5899098333DEE1 /* [CP] Embed Pods Frameworks */,
			);
			buildRules = (
			);
			dependencies = (
			);
			name = picpayment;
			productName = picpayment;
			productReference = DB5229532228CEF7008B0FD5 /* picpayment.app */;
			productType = "com.apple.product-type.application";
		};
/* End PBXNativeTarget section */

/* Begin PBXProject section */
		DB52294B2228CEF7008B0FD5 /* Project object */ = {
			isa = PBXProject;
			attributes = {
				LastSwiftUpdateCheck = 1010;
				LastUpgradeCheck = 1010;
				ORGANIZATIONNAME = "Red Ice";
				TargetAttributes = {
					DB5229522228CEF7008B0FD5 = {
						CreatedOnToolsVersion = 10.1;
					};
				};
			};
			buildConfigurationList = DB52294E2228CEF7008B0FD5 /* Build configuration list for PBXProject "picpayment" */;
			compatibilityVersion = "Xcode 9.3";
			developmentRegion = en;
			hasScannedForEncodings = 0;
			knownRegions = (
				en,
				Base,
			);
			mainGroup = DB52294A2228CEF7008B0FD5;
			productRefGroup = DB5229542228CEF7008B0FD5 /* Products */;
			projectDirPath = "";
			projectRoot = "";
			targets = (
				DB5229522228CEF7008B0FD5 /* picpayment */,
			);
		};
/* End PBXProject section */

/* Begin PBXResourcesBuildPhase section */
		DB5229512228CEF7008B0FD5 /* Resources */ = {
			isa = PBXResourcesBuildPhase;
			buildActionMask = 2147483647;
			files = (
				DB5229612228CEF9008B0FD5 /* LaunchScreen.storyboard in Resources */,
				DB52295E2228CEF9008B0FD5 /* Assets.xcassets in Resources */,
				DB52295C2228CEF8008B0FD5 /* Main.storyboard in Resources */,
			);
			runOnlyForDeploymentPostprocessing = 0;
		};
/* End PBXResourcesBuildPhase section */

/* Begin PBXShellScriptBuildPhase section */
		113E8EBE477E22A8C3C25E97 /* [CP] Check Pods Manifest.lock */ = {
			isa = PBXShellScriptBuildPhase;
			buildActionMask = 2147483647;
			files = (
			);
			inputFileListPaths = (
			);
			inputPaths = (
				"${PODS_PODFILE_DIR_PATH}/Podfile.lock",
				"${PODS_ROOT}/Manifest.lock",
			);
			name = "[CP] Check Pods Manifest.lock";
			outputFileListPaths = (
			);
			outputPaths = (
				"$(DERIVED_FILE_DIR)/Pods-picpayment-checkManifestLockResult.txt",
			);
			runOnlyForDeploymentPostprocessing = 0;
			shellPath = /bin/sh;
			shellScript = "diff \"${PODS_PODFILE_DIR_PATH}/Podfile.lock\" \"${PODS_ROOT}/Manifest.lock\" > /dev/null\nif [ $? != 0 ] ; then\n    # print error to STDERR\n    echo \"error: The sandbox is not in sync with the Podfile.lock. Run 'pod install' or update your CocoaPods installation.\" >&2\n    exit 1\nfi\n# This output is used by Xcode 'outputs' to avoid re-running this script phase.\necho \"SUCCESS\" > \"${SCRIPT_OUTPUT_FILE_0}\"\n";
			showEnvVarsInLog = 0;
		};
		7714C2AF9F5899098333DEE1 /* [CP] Embed Pods Frameworks */ = {
			isa = PBXShellScriptBuildPhase;
			buildActionMask = 2147483647;
			files = (
			);
			inputFileListPaths = (
			);
			inputPaths = (
				"${SRCROOT}/Pods/Target Support Files/Pods-picpayment/Pods-picpayment-frameworks.sh",
				"${BUILT_PRODUCTS_DIR}/Alamofire/Alamofire.framework",
				"${BUILT_PRODUCTS_DIR}/IQKeyboardManagerSwift/IQKeyboardManagerSwift.framework",
				"${BUILT_PRODUCTS_DIR}/KRActivityIndicatorView/KRActivityIndicatorView.framework",
				"${BUILT_PRODUCTS_DIR}/KRProgressHUD/KRProgressHUD.framework",
				"${BUILT_PRODUCTS_DIR}/KeychainAccess/KeychainAccess.framework",
				"${BUILT_PRODUCTS_DIR}/ReachabilitySwift/Reachability.framework",
				"${BUILT_PRODUCTS_DIR}/SDWebImage/SDWebImage.framework",
			);
			name = "[CP] Embed Pods Frameworks";
			outputFileListPaths = (
			);
			outputPaths = (
				"${TARGET_BUILD_DIR}/${FRAMEWORKS_FOLDER_PATH}/Alamofire.framework",
				"${TARGET_BUILD_DIR}/${FRAMEWORKS_FOLDER_PATH}/IQKeyboardManagerSwift.framework",
				"${TARGET_BUILD_DIR}/${FRAMEWORKS_FOLDER_PATH}/KRActivityIndicatorView.framework",
				"${TARGET_BUILD_DIR}/${FRAMEWORKS_FOLDER_PATH}/KRProgressHUD.framework",
				"${TARGET_BUILD_DIR}/${FRAMEWORKS_FOLDER_PATH}/KeychainAccess.framework",
				"${TARGET_BUILD_DIR}/${FRAMEWORKS_FOLDER_PATH}/Reachability.framework",
				"${TARGET_BUILD_DIR}/${FRAMEWORKS_FOLDER_PATH}/SDWebImage.framework",
			);
			runOnlyForDeploymentPostprocessing = 0;
			shellPath = /bin/sh;
			shellScript = "\"${SRCROOT}/Pods/Target Support Files/Pods-picpayment/Pods-picpayment-frameworks.sh\"\n";
			showEnvVarsInLog = 0;
		};
/* End PBXShellScriptBuildPhase section */

/* Begin PBXSourcesBuildPhase section */
		DB52294F2228CEF7008B0FD5 /* Sources */ = {
			isa = PBXSourcesBuildPhase;
			buildActionMask = 2147483647;
			files = (
				DB12686C222C699B00E29E61 /* CardsViewController.swift in Sources */,
				DB5229592228CEF8008B0FD5 /* ContactViewController.swift in Sources */,
				DB52296F2228D2CE008B0FD5 /* Date.swift in Sources */,
				17387EE82229CD4500A1BA8E /* Transaction.swift in Sources */,
				17387EE62229C05E00A1BA8E /* ContactsCell.swift in Sources */,
				DB12687022302E9E00E29E61 /* NewCardViewController.swift in Sources */,
				17387EE32229BAC600A1BA8E /* Contact.swift in Sources */,
				DB12686E222C6E7900E29E61 /* CardCell.swift in Sources */,
				DB5229572228CEF8008B0FD5 /* AppDelegate.swift in Sources */,
				17387EDE2229B98100A1BA8E /* APIContacts.swift in Sources */,
				DB52297A2228D325008B0FD5 /* ReachabilityManager.swift in Sources */,
				DB12687222303B3900E29E61 /* TextField.swift in Sources */,
				17387EDC2229B92300A1BA8E /* RouterEndpoint.swift in Sources */,
				17387EE02229B99000A1BA8E /* APIPayments.swift in Sources */,
				17387ED82229B8EE00A1BA8E /* Client.swift in Sources */,
				17387ED62229B8E100A1BA8E /* APIConfiguration.swift in Sources */,
				DB5229782228D318008B0FD5 /* HUDHelper.swift in Sources */,
				DB52296A2228D295008B0FD5 /* Constants.swift in Sources */,
				DB5229712228D2D9008B0FD5 /* AlertView.swift in Sources */,
			);
			runOnlyForDeploymentPostprocessing = 0;
		};
/* End PBXSourcesBuildPhase section */

/* Begin PBXVariantGroup section */
		DB52295A2228CEF8008B0FD5 /* Main.storyboard */ = {
			isa = PBXVariantGroup;
			children = (
				DB52295B2228CEF8008B0FD5 /* Base */,
			);
			name = Main.storyboard;
			sourceTree = "<group>";
		};
		DB52295F2228CEF9008B0FD5 /* LaunchScreen.storyboard */ = {
			isa = PBXVariantGroup;
			children = (
				DB5229602228CEF9008B0FD5 /* Base */,
			);
			name = LaunchScreen.storyboard;
			sourceTree = "<group>";
		};
/* End PBXVariantGroup section */

/* Begin XCBuildConfiguration section */
		DB5229632228CEF9008B0FD5 /* Debug */ = {
			isa = XCBuildConfiguration;
			buildSettings = {
				ALWAYS_SEARCH_USER_PATHS = NO;
				CLANG_ANALYZER_NONNULL = YES;
				CLANG_ANALYZER_NUMBER_OBJECT_CONVERSION = YES_AGGRESSIVE;
				CLANG_CXX_LANGUAGE_STANDARD = "gnu++14";
				CLANG_CXX_LIBRARY = "libc++";
				CLANG_ENABLE_MODULES = YES;
				CLANG_ENABLE_OBJC_ARC = YES;
				CLANG_ENABLE_OBJC_WEAK = YES;
				CLANG_WARN_BLOCK_CAPTURE_AUTORELEASING = YES;
				CLANG_WARN_BOOL_CONVERSION = YES;
				CLANG_WARN_COMMA = YES;
				CLANG_WARN_CONSTANT_CONVERSION = YES;
				CLANG_WARN_DEPRECATED_OBJC_IMPLEMENTATIONS = YES;
				CLANG_WARN_DIRECT_OBJC_ISA_USAGE = YES_ERROR;
				CLANG_WARN_DOCUMENTATION_COMMENTS = YES;
				CLANG_WARN_EMPTY_BODY = YES;
				CLANG_WARN_ENUM_CONVERSION = YES;
				CLANG_WARN_INFINITE_RECURSION = YES;
				CLANG_WARN_INT_CONVERSION = YES;
				CLANG_WARN_NON_LITERAL_NULL_CONVERSION = YES;
				CLANG_WARN_OBJC_IMPLICIT_RETAIN_SELF = YES;
				CLANG_WARN_OBJC_LITERAL_CONVERSION = YES;
				CLANG_WARN_OBJC_ROOT_CLASS = YES_ERROR;
				CLANG_WARN_RANGE_LOOP_ANALYSIS = YES;
				CLANG_WARN_STRICT_PROTOTYPES = YES;
				CLANG_WARN_SUSPICIOUS_MOVE = YES;
				CLANG_WARN_UNGUARDED_AVAILABILITY = YES_AGGRESSIVE;
				CLANG_WARN_UNREACHABLE_CODE = YES;
				CLANG_WARN__DUPLICATE_METHOD_MATCH = YES;
				CODE_SIGN_IDENTITY = "iPhone Developer";
				COPY_PHASE_STRIP = NO;
				DEBUG_INFORMATION_FORMAT = dwarf;
				ENABLE_STRICT_OBJC_MSGSEND = YES;
				ENABLE_TESTABILITY = YES;
				GCC_C_LANGUAGE_STANDARD = gnu11;
				GCC_DYNAMIC_NO_PIC = NO;
				GCC_NO_COMMON_BLOCKS = YES;
				GCC_OPTIMIZATION_LEVEL = 0;
				GCC_PREPROCESSOR_DEFINITIONS = (
					"DEBUG=1",
					"$(inherited)",
				);
				GCC_WARN_64_TO_32_BIT_CONVERSION = YES;
				GCC_WARN_ABOUT_RETURN_TYPE = YES_ERROR;
				GCC_WARN_UNDECLARED_SELECTOR = YES;
				GCC_WARN_UNINITIALIZED_AUTOS = YES_AGGRESSIVE;
				GCC_WARN_UNUSED_FUNCTION = YES;
				GCC_WARN_UNUSED_VARIABLE = YES;
				IPHONEOS_DEPLOYMENT_TARGET = 12.1;
				MTL_ENABLE_DEBUG_INFO = INCLUDE_SOURCE;
				MTL_FAST_MATH = YES;
				ONLY_ACTIVE_ARCH = YES;
				SDKROOT = iphoneos;
				SWIFT_ACTIVE_COMPILATION_CONDITIONS = DEBUG;
				SWIFT_OPTIMIZATION_LEVEL = "-Onone";
			};
			name = Debug;
		};
		DB5229642228CEF9008B0FD5 /* Release */ = {
			isa = XCBuildConfiguration;
			buildSettings = {
				ALWAYS_SEARCH_USER_PATHS = NO;
				CLANG_ANALYZER_NONNULL = YES;
				CLANG_ANALYZER_NUMBER_OBJECT_CONVERSION = YES_AGGRESSIVE;
				CLANG_CXX_LANGUAGE_STANDARD = "gnu++14";
				CLANG_CXX_LIBRARY = "libc++";
				CLANG_ENABLE_MODULES = YES;
				CLANG_ENABLE_OBJC_ARC = YES;
				CLANG_ENABLE_OBJC_WEAK = YES;
				CLANG_WARN_BLOCK_CAPTURE_AUTORELEASING = YES;
				CLANG_WARN_BOOL_CONVERSION = YES;
				CLANG_WARN_COMMA = YES;
				CLANG_WARN_CONSTANT_CONVERSION = YES;
				CLANG_WARN_DEPRECATED_OBJC_IMPLEMENTATIONS = YES;
				CLANG_WARN_DIRECT_OBJC_ISA_USAGE = YES_ERROR;
				CLANG_WARN_DOCUMENTATION_COMMENTS = YES;
				CLANG_WARN_EMPTY_BODY = YES;
				CLANG_WARN_ENUM_CONVERSION = YES;
				CLANG_WARN_INFINITE_RECURSION = YES;
				CLANG_WARN_INT_CONVERSION = YES;
				CLANG_WARN_NON_LITERAL_NULL_CONVERSION = YES;
				CLANG_WARN_OBJC_IMPLICIT_RETAIN_SELF = YES;
				CLANG_WARN_OBJC_LITERAL_CONVERSION = YES;
				CLANG_WARN_OBJC_ROOT_CLASS = YES_ERROR;
				CLANG_WARN_RANGE_LOOP_ANALYSIS = YES;
				CLANG_WARN_STRICT_PROTOTYPES = YES;
				CLANG_WARN_SUSPICIOUS_MOVE = YES;
				CLANG_WARN_UNGUARDED_AVAILABILITY = YES_AGGRESSIVE;
				CLANG_WARN_UNREACHABLE_CODE = YES;
				CLANG_WARN__DUPLICATE_METHOD_MATCH = YES;
				CODE_SIGN_IDENTITY = "iPhone Developer";
				COPY_PHASE_STRIP = NO;
				DEBUG_INFORMATION_FORMAT = "dwarf-with-dsym";
				ENABLE_NS_ASSERTIONS = NO;
				ENABLE_STRICT_OBJC_MSGSEND = YES;
				GCC_C_LANGUAGE_STANDARD = gnu11;
				GCC_NO_COMMON_BLOCKS = YES;
				GCC_WARN_64_TO_32_BIT_CONVERSION = YES;
				GCC_WARN_ABOUT_RETURN_TYPE = YES_ERROR;
				GCC_WARN_UNDECLARED_SELECTOR = YES;
				GCC_WARN_UNINITIALIZED_AUTOS = YES_AGGRESSIVE;
				GCC_WARN_UNUSED_FUNCTION = YES;
				GCC_WARN_UNUSED_VARIABLE = YES;
				IPHONEOS_DEPLOYMENT_TARGET = 12.1;
				MTL_ENABLE_DEBUG_INFO = NO;
				MTL_FAST_MATH = YES;
				SDKROOT = iphoneos;
				SWIFT_COMPILATION_MODE = wholemodule;
				SWIFT_OPTIMIZATION_LEVEL = "-O";
				VALIDATE_PRODUCT = YES;
			};
			name = Release;
		};
		DB5229662228CEF9008B0FD5 /* Debug */ = {
			isa = XCBuildConfiguration;
			baseConfigurationReference = FF41C64EC1C0C168778256BC /* Pods-picpayment.debug.xcconfig */;
			buildSettings = {
				ASSETCATALOG_COMPILER_APPICON_NAME = AppIcon;
				CODE_SIGN_STYLE = Automatic;
				DEVELOPMENT_TEAM = 42QU6XXW6Z;
				INFOPLIST_FILE = "$(SRCROOT)/PicPayment/Supporting Files/Info.plist";
				LD_RUNPATH_SEARCH_PATHS = (
					"$(inherited)",
					"@executable_path/Frameworks",
				);
				PRODUCT_BUNDLE_IDENTIFIER = com.redice.picpayment;
				PRODUCT_NAME = "$(TARGET_NAME)";
				SWIFT_VERSION = 4.2;
				TARGETED_DEVICE_FAMILY = "1,2";
			};
			name = Debug;
		};
		DB5229672228CEF9008B0FD5 /* Release */ = {
			isa = XCBuildConfiguration;
			baseConfigurationReference = 5B69456971133CDD7CEA7F87 /* Pods-picpayment.release.xcconfig */;
			buildSettings = {
				ASSETCATALOG_COMPILER_APPICON_NAME = AppIcon;
				CODE_SIGN_STYLE = Automatic;
				DEVELOPMENT_TEAM = 42QU6XXW6Z;
				INFOPLIST_FILE = "$(SRCROOT)/PicPayment/Supporting Files/Info.plist";
				LD_RUNPATH_SEARCH_PATHS = (
					"$(inherited)",
					"@executable_path/Frameworks",
				);
				PRODUCT_BUNDLE_IDENTIFIER = com.redice.picpayment;
				PRODUCT_NAME = "$(TARGET_NAME)";
				SWIFT_VERSION = 4.2;
				TARGETED_DEVICE_FAMILY = "1,2";
			};
			name = Release;
		};
/* End XCBuildConfiguration section */

/* Begin XCConfigurationList section */
		DB52294E2228CEF7008B0FD5 /* Build configuration list for PBXProject "picpayment" */ = {
			isa = XCConfigurationList;
			buildConfigurations = (
				DB5229632228CEF9008B0FD5 /* Debug */,
				DB5229642228CEF9008B0FD5 /* Release */,
			);
			defaultConfigurationIsVisible = 0;
			defaultConfigurationName = Release;
		};
		DB5229652228CEF9008B0FD5 /* Build configuration list for PBXNativeTarget "picpayment" */ = {
			isa = XCConfigurationList;
			buildConfigurations = (
				DB5229662228CEF9008B0FD5 /* Debug */,
				DB5229672228CEF9008B0FD5 /* Release */,
			);
			defaultConfigurationIsVisible = 0;
			defaultConfigurationName = Release;
		};
/* End XCConfigurationList section */
	};
	rootObject = DB52294B2228CEF7008B0FD5 /* Project object */;
}
